
Microsoft Visual Studio Solution File, Format Version 12.00
# Visual Studio Version 17
VisualStudioVersion = 17.6.33815.320
MinimumVisualStudioVersion = 10.0.40219.1
Project("{FAE04EC0-301F-11D3-BF4B-00C04F79EFBC}") = "DevOps", "DevOps\DevOps.csproj", "{D12CC69B-BE20-494B-A222-4ED606F0AB31}"
EndProject
Global
	GlobalSection(SolutionConfigurationPlatforms) = preSolution
		Debug|Any CPU = Debug|Any CPU
		Release|Any CPU = Release|Any CPU
	EndGlobalSection
	GlobalSection(ProjectConfigurationPlatforms) = postSolution
		{D12CC69B-BE20-494B-A222-4ED606F0AB31}.Debug|Any CPU.ActiveCfg = Debug|Any CPU
		{D12CC69B-BE20-494B-A222-4ED606F0AB31}.Debug|Any CPU.Build.0 = Debug|Any CPU
		{D12CC69B-BE20-494B-A222-4ED606F0AB31}.Release|Any CPU.ActiveCfg = Release|Any CPU
		{D12CC69B-BE20-494B-A222-4ED606F0AB31}.Release|Any CPU.Build.0 = Release|Any CPU
	EndGlobalSection
	GlobalSection(SolutionProperties) = preSolution
		HideSolutionNode = FALSE
	EndGlobalSection
	GlobalSection(ExtensibilityGlobals) = postSolution
		SolutionGuid = {985DE470-0966-491F-9AD9-BD7DD2FCF10F}
	EndGlobalSection
EndGlobal
